
Microsoft Visual Studio Solution File, Format Version 12.00
# Visual Studio Version 16
VisualStudioVersion = 16.0.32002.261
MinimumVisualStudioVersion = 10.0.40219.1
Project("{FAE04EC0-301F-11D3-BF4B-00C04F79EFBC}") = "labb1_avancerad_dotnet", "labb1_avancerad_dotnet\labb1_avancerad_dotnet.csproj", "{5ADC0C60-3149-4FBA-AD95-EFC103C08A26}"
EndProject
Global
	GlobalSection(SolutionConfigurationPlatforms) = preSolution
		Debug|Any CPU = Debug|Any CPU
		Release|Any CPU = Release|Any CPU
	EndGlobalSection
	GlobalSection(ProjectConfigurationPlatforms) = postSolution
		{5ADC0C60-3149-4FBA-AD95-EFC103C08A26}.Debug|Any CPU.ActiveCfg = Debug|Any CPU
		{5ADC0C60-3149-4FBA-AD95-EFC103C08A26}.Debug|Any CPU.Build.0 = Debug|Any CPU
		{5ADC0C60-3149-4FBA-AD95-EFC103C08A26}.Release|Any CPU.ActiveCfg = Release|Any CPU
		{5ADC0C60-3149-4FBA-AD95-EFC103C08A26}.Release|Any CPU.Build.0 = Release|Any CPU
	EndGlobalSection
	GlobalSection(SolutionProperties) = preSolution
		HideSolutionNode = FALSE
	EndGlobalSection
	GlobalSection(ExtensibilityGlobals) = postSolution
		SolutionGuid = {93982BA3-D251-45F3-A3EF-69AC75FA43CC}
	EndGlobalSection
EndGlobal
